<?xml version="1.0" encoding="utf-8"?>
<Project ToolsVersion="4.0" xmlns="http://schemas.microsoft.com/developer/msbuild/2003">
  <ItemGroup>
    <Filter Include="소스 파일">
      <UniqueIdentifier>{4FC737F1-C7A5-4376-A066-2A32D752A2FF}</UniqueIdentifier>
      <Extensions>cpp;c;cc;cxx;c++;cppm;ixx;def;odl;idl;hpj;bat;asm;asmx</Extensions>
    </Filter>
    <Filter Include="헤더 파일">
      <UniqueIdentifier>{93995380-89BD-4b04-88EB-625FBE52EBFB}</UniqueIdentifier>
      <Extensions>h;hh;hpp;hxx;h++;hm;inl;inc;ipp;xsd</Extensions>
    </Filter>
    <Filter Include="리소스 파일">
      <UniqueIdentifier>{67DA6AB6-F800-4c08-8B7A-83BB121AAD01}</UniqueIdentifier>
      <Extensions>rc;ico;cur;bmp;dlg;rc2;rct;bin;rgs;gif;jpg;jpeg;jpe;resx;tiff;tif;png;wav;mfcribbon-ms</Extensions>
    </Filter>
    <Filter Include="헤더 파일\Camera">
      <UniqueIdentifier>{d1db9231-ad3f-40a9-b72c-83004c922570}</UniqueIdentifier>
    </Filter>
    <Filter Include="헤더 파일\DDSTextureLoader">
      <UniqueIdentifier>{d144ac7b-9c23-48b4-81da-04ecb8c48bf8}</UniqueIdentifier>
    </Filter>
    <Filter Include="헤더 파일\Client">
      <UniqueIdentifier>{3e71ff06-94e2-4e1e-ac71-57425efa0338}</UniqueIdentifier>
    </Filter>
    <Filter Include="헤더 파일\Framework">
      <UniqueIdentifier>{b2f259fd-b662-4939-803f-f8d82d454127}</UniqueIdentifier>
    </Filter>
    <Filter Include="헤더 파일\Timer">
      <UniqueIdentifier>{a2142ea9-58e5-4467-8072-6d2a16cf7142}</UniqueIdentifier>
    </Filter>
    <Filter Include="헤더 파일\stdafx">
      <UniqueIdentifier>{2f89a0c5-720d-4c7d-a192-b90975646579}</UniqueIdentifier>
    </Filter>
    <Filter Include="헤더 파일\hlsl">
      <UniqueIdentifier>{09604b51-820d-4861-bc90-cd0d6089ddb6}</UniqueIdentifier>
    </Filter>
    <Filter Include="헤더 파일\Player">
      <UniqueIdentifier>{c1f5908d-af24-4604-8225-ccabf15956ee}</UniqueIdentifier>
    </Filter>
    <Filter Include="헤더 파일\Object">
      <UniqueIdentifier>{cc097399-f81f-4142-b5bf-b973f3287e06}</UniqueIdentifier>
    </Filter>
    <Filter Include="헤더 파일\Mesh">
      <UniqueIdentifier>{d380ebea-19b2-488b-bdfa-dab3e502adff}</UniqueIdentifier>
    </Filter>
    <Filter Include="헤더 파일\Scene">
      <UniqueIdentifier>{2953cb4a-8fe3-4702-83e2-cfe844ea6a1b}</UniqueIdentifier>
    </Filter>
    <Filter Include="헤더 파일\texture">
      <UniqueIdentifier>{e167c2ff-53c9-4244-8fb6-dee2e7010a3d}</UniqueIdentifier>
    </Filter>
    <Filter Include="헤더 파일\Shader">
      <UniqueIdentifier>{20ba8fa9-0144-4eac-ac26-2772776fb027}</UniqueIdentifier>
    </Filter>
  </ItemGroup>
  <ItemGroup>
    <ClInclude Include="Camera.h">
      <Filter>헤더 파일\Camera</Filter>
    </ClInclude>
    <ClInclude Include="DDSTextureLoader12.h">
      <Filter>헤더 파일\DDSTextureLoader</Filter>
    </ClInclude>
    <ClInclude Include="Direct3D_Homework2.h">
      <Filter>헤더 파일\Client</Filter>
    </ClInclude>
    <ClInclude Include="Resource.h">
      <Filter>헤더 파일\Client</Filter>
    </ClInclude>
    <ClInclude Include="targetver.h">
      <Filter>헤더 파일\Client</Filter>
    </ClInclude>
    <ClInclude Include="GameFramework.h">
      <Filter>헤더 파일\Framework</Filter>
    </ClInclude>
    <ClInclude Include="Timer.h">
      <Filter>헤더 파일\Timer</Filter>
    </ClInclude>
    <ClInclude Include="stdafx.h">
      <Filter>헤더 파일\stdafx</Filter>
    </ClInclude>
    <ClInclude Include="Player.h">
      <Filter>헤더 파일\Player</Filter>
    </ClInclude>
    <ClInclude Include="Object.h">
      <Filter>헤더 파일\Object</Filter>
    </ClInclude>
    <ClInclude Include="Mesh.h">
      <Filter>헤더 파일\Mesh</Filter>
    </ClInclude>
    <ClInclude Include="WICTextureLoader12.h">
      <Filter>헤더 파일\texture</Filter>
    </ClInclude>
    <ClInclude Include="Shader.h">
      <Filter>헤더 파일\Shader</Filter>
    </ClInclude>
    <ClInclude Include="Scene.h">
      <Filter>헤더 파일\Scene</Filter>
    </ClInclude>
  </ItemGroup>
  <ItemGroup>
    <ClCompile Include="Camera.cpp">
      <Filter>헤더 파일\Camera</Filter>
    </ClCompile>
    <ClCompile Include="DDSTextureLoader12.cpp">
      <Filter>헤더 파일\DDSTextureLoader</Filter>
    </ClCompile>
    <ClCompile Include="Direct3D_Homework2.cpp">
      <Filter>헤더 파일\Client</Filter>
    </ClCompile>
    <ClCompile Include="GameFramework.cpp">
      <Filter>헤더 파일\Framework</Filter>
    </ClCompile>
    <ClCompile Include="Timer.cpp">
      <Filter>헤더 파일\Timer</Filter>
    </ClCompile>
    <ClCompile Include="stdafx.cpp">
      <Filter>헤더 파일\stdafx</Filter>
    </ClCompile>
    <ClCompile Include="Player.cpp">
      <Filter>헤더 파일\Player</Filter>
    </ClCompile>
    <ClCompile Include="Object.cpp">
      <Filter>헤더 파일\Object</Filter>
    </ClCompile>
    <ClCompile Include="Mesh.cpp">
      <Filter>헤더 파일\Mesh</Filter>
    </ClCompile>
    <ClCompile Include="Scene.cpp">
      <Filter>헤더 파일\Scene</Filter>
    </ClCompile>
    <ClCompile Include="WICTextureLoader12.cpp">
      <Filter>헤더 파일\texture</Filter>
    </ClCompile>
    <ClCompile Include="Shader.cpp">
      <Filter>헤더 파일\Shader</Filter>
    </ClCompile>
  </ItemGroup>
  <ItemGroup>
    <ResourceCompile Include="Direct3D_Homework2.rc">
      <Filter>리소스 파일</Filter>
    </ResourceCompile>
  </ItemGroup>
  <ItemGroup>
    <Image Include="small.ico">
      <Filter>리소스 파일</Filter>
    </Image>
    <Image Include="Direct3D_Homework2.ico">
      <Filter>리소스 파일</Filter>
    </Image>
  </ItemGroup>
  <ItemGroup>
    <FxCompile Include="Light.hlsl">
      <Filter>헤더 파일\hlsl</Filter>
    </FxCompile>
    <FxCompile Include="Shaders.hlsl">
      <Filter>헤더 파일\hlsl</Filter>
    </FxCompile>
  </ItemGroup>
</Project>